
Microsoft Visual Studio Solution File, Format Version 12.00
# Visual Studio Version 16
VisualStudioVersion = 16.0.29215.179
MinimumVisualStudioVersion = 10.0.40219.1
Project("{9A19103F-16F7-4668-BE54-9A1E7A4F7556}") = "EJERCICIO1", "EJERCICIO1\EJERCICIO1.csproj", "{E527810B-AC8C-4526-95A2-9FEA34A610AB}"
EndProject
Project("{9A19103F-16F7-4668-BE54-9A1E7A4F7556}") = "Ejercicio2", "Ejercicio2\Ejercicio2.csproj", "{3D4A4AB2-C806-4AF4-B32F-8521D51EC3CA}"
EndProject
Project("{9A19103F-16F7-4668-BE54-9A1E7A4F7556}") = "Pruebaaaa", "Pruebaaaa\Pruebaaaa.csproj", "{D99FB53D-A7BA-4992-B3D6-62CD6275658E}"
EndProject
Project("{9A19103F-16F7-4668-BE54-9A1E7A4F7556}") = "Ejercicio3", "Ejercicio3\Ejercicio3.csproj", "{E4485EFE-77B8-4764-8DDD-DDEFC4219180}"
EndProject
Project("{9A19103F-16F7-4668-BE54-9A1E7A4F7556}") = "Ejercicio4", "Ejercicio4\Ejercicio4.csproj", "{3AA3D0E7-CC9D-465A-ACCB-78126FD63B61}"
EndProject
Project("{9A19103F-16F7-4668-BE54-9A1E7A4F7556}") = "Ejercicio5", "Ejercicio5\Ejercicio5.csproj", "{EE6F9C0E-460E-4D6F-B4B6-04387E4FF1FD}"
EndProject
Project("{9A19103F-16F7-4668-BE54-9A1E7A4F7556}") = "Ejercicio6", "Ejercicio6\Ejercicio6.csproj", "{72FF97F3-1592-456C-B831-8CD168E86E37}"
EndProject
Project("{9A19103F-16F7-4668-BE54-9A1E7A4F7556}") = "Ejercicio7", "Ejercicio7\Ejercicio7.csproj", "{61506438-8C01-4D15-9E47-074BC49F5421}"
EndProject
Project("{FAE04EC0-301F-11D3-BF4B-00C04F79EFBC}") = "Ejercicio 8", "Ejercicio 8\Ejercicio 8.csproj", "{5C6AD56D-3C32-4C2D-98F0-21048CA9421B}"
EndProject
Project("{FAE04EC0-301F-11D3-BF4B-00C04F79EFBC}") = "Ejercicio9", "Ejercicio9\Ejercicio9.csproj", "{CF898A28-EFA8-44CF-9661-AF05B8AB66DB}"
EndProject
Project("{FAE04EC0-301F-11D3-BF4B-00C04F79EFBC}") = "Ejercicio10", "Ejercicio10\Ejercicio10.csproj", "{EACFD8A9-0BF4-4914-BB5A-FC51E8690467}"
EndProject
Project("{FAE04EC0-301F-11D3-BF4B-00C04F79EFBC}") = "Ejercicio11", "Ejercicio11\Ejercicio11.csproj", "{5BBD631C-06BE-4927-8F8B-871EAB6AFC25}"
EndProject
Project("{FAE04EC0-301F-11D3-BF4B-00C04F79EFBC}") = "Ejercicio12", "Ejercicio12\Ejercicio12.csproj", "{3ACA0436-C65A-4F3A-8CAE-2A8EA716CBEB}"
EndProject
Project("{FAE04EC0-301F-11D3-BF4B-00C04F79EFBC}") = "Ejercicio13", "Ejercicio13\Ejercicio13.csproj", "{158D35CB-C6DC-4DAA-9C70-94DE055489B5}"
EndProject
Project("{FAE04EC0-301F-11D3-BF4B-00C04F79EFBC}") = "Ejercicio14", "Ejercicio14\Ejercicio14.csproj", "{AC3A1A61-D45A-49F7-A094-B0C9A6600D5D}"
EndProject
Global
	GlobalSection(SolutionConfigurationPlatforms) = preSolution
		Debug|Any CPU = Debug|Any CPU
		Release|Any CPU = Release|Any CPU
	EndGlobalSection
	GlobalSection(ProjectConfigurationPlatforms) = postSolution
		{E527810B-AC8C-4526-95A2-9FEA34A610AB}.Debug|Any CPU.ActiveCfg = Debug|Any CPU
		{E527810B-AC8C-4526-95A2-9FEA34A610AB}.Debug|Any CPU.Build.0 = Debug|Any CPU
		{E527810B-AC8C-4526-95A2-9FEA34A610AB}.Release|Any CPU.ActiveCfg = Release|Any CPU
		{E527810B-AC8C-4526-95A2-9FEA34A610AB}.Release|Any CPU.Build.0 = Release|Any CPU
		{3D4A4AB2-C806-4AF4-B32F-8521D51EC3CA}.Debug|Any CPU.ActiveCfg = Debug|Any CPU
		{3D4A4AB2-C806-4AF4-B32F-8521D51EC3CA}.Debug|Any CPU.Build.0 = Debug|Any CPU
		{3D4A4AB2-C806-4AF4-B32F-8521D51EC3CA}.Release|Any CPU.ActiveCfg = Release|Any CPU
		{3D4A4AB2-C806-4AF4-B32F-8521D51EC3CA}.Release|Any CPU.Build.0 = Release|Any CPU
		{D99FB53D-A7BA-4992-B3D6-62CD6275658E}.Debug|Any CPU.ActiveCfg = Debug|Any CPU
		{D99FB53D-A7BA-4992-B3D6-62CD6275658E}.Debug|Any CPU.Build.0 = Debug|Any CPU
		{D99FB53D-A7BA-4992-B3D6-62CD6275658E}.Release|Any CPU.ActiveCfg = Release|Any CPU
		{D99FB53D-A7BA-4992-B3D6-62CD6275658E}.Release|Any CPU.Build.0 = Release|Any CPU
		{E4485EFE-77B8-4764-8DDD-DDEFC4219180}.Debug|Any CPU.ActiveCfg = Debug|Any CPU
		{E4485EFE-77B8-4764-8DDD-DDEFC4219180}.Debug|Any CPU.Build.0 = Debug|Any CPU
		{E4485EFE-77B8-4764-8DDD-DDEFC4219180}.Release|Any CPU.ActiveCfg = Release|Any CPU
		{E4485EFE-77B8-4764-8DDD-DDEFC4219180}.Release|Any CPU.Build.0 = Release|Any CPU
		{3AA3D0E7-CC9D-465A-ACCB-78126FD63B61}.Debug|Any CPU.ActiveCfg = Debug|Any CPU
		{3AA3D0E7-CC9D-465A-ACCB-78126FD63B61}.Debug|Any CPU.Build.0 = Debug|Any CPU
		{3AA3D0E7-CC9D-465A-ACCB-78126FD63B61}.Release|Any CPU.ActiveCfg = Release|Any CPU
		{3AA3D0E7-CC9D-465A-ACCB-78126FD63B61}.Release|Any CPU.Build.0 = Release|Any CPU
		{EE6F9C0E-460E-4D6F-B4B6-04387E4FF1FD}.Debug|Any CPU.ActiveCfg = Debug|Any CPU
		{EE6F9C0E-460E-4D6F-B4B6-04387E4FF1FD}.Debug|Any CPU.Build.0 = Debug|Any CPU
		{EE6F9C0E-460E-4D6F-B4B6-04387E4FF1FD}.Release|Any CPU.ActiveCfg = Release|Any CPU
		{EE6F9C0E-460E-4D6F-B4B6-04387E4FF1FD}.Release|Any CPU.Build.0 = Release|Any CPU
		{72FF97F3-1592-456C-B831-8CD168E86E37}.Debug|Any CPU.ActiveCfg = Debug|Any CPU
		{72FF97F3-1592-456C-B831-8CD168E86E37}.Debug|Any CPU.Build.0 = Debug|Any CPU
		{72FF97F3-1592-456C-B831-8CD168E86E37}.Release|Any CPU.ActiveCfg = Release|Any CPU
		{72FF97F3-1592-456C-B831-8CD168E86E37}.Release|Any CPU.Build.0 = Release|Any CPU
		{61506438-8C01-4D15-9E47-074BC49F5421}.Debug|Any CPU.ActiveCfg = Debug|Any CPU
		{61506438-8C01-4D15-9E47-074BC49F5421}.Debug|Any CPU.Build.0 = Debug|Any CPU
		{61506438-8C01-4D15-9E47-074BC49F5421}.Release|Any CPU.ActiveCfg = Release|Any CPU
		{61506438-8C01-4D15-9E47-074BC49F5421}.Release|Any CPU.Build.0 = Release|Any CPU
		{5C6AD56D-3C32-4C2D-98F0-21048CA9421B}.Debug|Any CPU.ActiveCfg = Debug|Any CPU
		{5C6AD56D-3C32-4C2D-98F0-21048CA9421B}.Debug|Any CPU.Build.0 = Debug|Any CPU
		{5C6AD56D-3C32-4C2D-98F0-21048CA9421B}.Release|Any CPU.ActiveCfg = Release|Any CPU
		{5C6AD56D-3C32-4C2D-98F0-21048CA9421B}.Release|Any CPU.Build.0 = Release|Any CPU
		{CF898A28-EFA8-44CF-9661-AF05B8AB66DB}.Debug|Any CPU.ActiveCfg = Debug|Any CPU
		{CF898A28-EFA8-44CF-9661-AF05B8AB66DB}.Debug|Any CPU.Build.0 = Debug|Any CPU
		{CF898A28-EFA8-44CF-9661-AF05B8AB66DB}.Release|Any CPU.ActiveCfg = Release|Any CPU
		{CF898A28-EFA8-44CF-9661-AF05B8AB66DB}.Release|Any CPU.Build.0 = Release|Any CPU
		{EACFD8A9-0BF4-4914-BB5A-FC51E8690467}.Debug|Any CPU.ActiveCfg = Debug|Any CPU
		{EACFD8A9-0BF4-4914-BB5A-FC51E8690467}.Debug|Any CPU.Build.0 = Debug|Any CPU
		{EACFD8A9-0BF4-4914-BB5A-FC51E8690467}.Release|Any CPU.ActiveCfg = Release|Any CPU
		{EACFD8A9-0BF4-4914-BB5A-FC51E8690467}.Release|Any CPU.Build.0 = Release|Any CPU
		{5BBD631C-06BE-4927-8F8B-871EAB6AFC25}.Debug|Any CPU.ActiveCfg = Debug|Any CPU
		{5BBD631C-06BE-4927-8F8B-871EAB6AFC25}.Debug|Any CPU.Build.0 = Debug|Any CPU
		{5BBD631C-06BE-4927-8F8B-871EAB6AFC25}.Release|Any CPU.ActiveCfg = Release|Any CPU
		{5BBD631C-06BE-4927-8F8B-871EAB6AFC25}.Release|Any CPU.Build.0 = Release|Any CPU
		{3ACA0436-C65A-4F3A-8CAE-2A8EA716CBEB}.Debug|Any CPU.ActiveCfg = Debug|Any CPU
		{3ACA0436-C65A-4F3A-8CAE-2A8EA716CBEB}.Debug|Any CPU.Build.0 = Debug|Any CPU
		{3ACA0436-C65A-4F3A-8CAE-2A8EA716CBEB}.Release|Any CPU.ActiveCfg = Release|Any CPU
		{3ACA0436-C65A-4F3A-8CAE-2A8EA716CBEB}.Release|Any CPU.Build.0 = Release|Any CPU
		{158D35CB-C6DC-4DAA-9C70-94DE055489B5}.Debug|Any CPU.ActiveCfg = Debug|Any CPU
		{158D35CB-C6DC-4DAA-9C70-94DE055489B5}.Debug|Any CPU.Build.0 = Debug|Any CPU
		{158D35CB-C6DC-4DAA-9C70-94DE055489B5}.Release|Any CPU.ActiveCfg = Release|Any CPU
		{158D35CB-C6DC-4DAA-9C70-94DE055489B5}.Release|Any CPU.Build.0 = Release|Any CPU
		{AC3A1A61-D45A-49F7-A094-B0C9A6600D5D}.Debug|Any CPU.ActiveCfg = Debug|Any CPU
		{AC3A1A61-D45A-49F7-A094-B0C9A6600D5D}.Debug|Any CPU.Build.0 = Debug|Any CPU
		{AC3A1A61-D45A-49F7-A094-B0C9A6600D5D}.Release|Any CPU.ActiveCfg = Release|Any CPU
		{AC3A1A61-D45A-49F7-A094-B0C9A6600D5D}.Release|Any CPU.Build.0 = Release|Any CPU
	EndGlobalSection
	GlobalSection(SolutionProperties) = preSolution
		HideSolutionNode = FALSE
	EndGlobalSection
	GlobalSection(ExtensibilityGlobals) = postSolution
		SolutionGuid = {0B49CE03-C001-4719-AAFD-0D665122E9A2}
	EndGlobalSection
EndGlobal
